
Microsoft Visual Studio Solution File, Format Version 11.00
# Visual C++ Express 2010
Project("{8BC9CEB8-8B4A-11D0-8D11-00A0C91BC942}") = "Course net 10 18", "Course net 10 18\Course net 10 18.vcxproj", "{F4EB0530-8618-4CD1-83B9-6E9F70251863}"
EndProject
Global
	GlobalSection(SolutionConfigurationPlatforms) = preSolution
		Debug|Win32 = Debug|Win32
		Release|Win32 = Release|Win32
	EndGlobalSection
	GlobalSection(ProjectConfigurationPlatforms) = postSolution
		{F4EB0530-8618-4CD1-83B9-6E9F70251863}.Debug|Win32.ActiveCfg = Debug|Win32
		{F4EB0530-8618-4CD1-83B9-6E9F70251863}.Debug|Win32.Build.0 = Debug|Win32
		{F4EB0530-8618-4CD1-83B9-6E9F70251863}.Release|Win32.ActiveCfg = Release|Win32
		{F4EB0530-8618-4CD1-83B9-6E9F70251863}.Release|Win32.Build.0 = Release|Win32
	EndGlobalSection
	GlobalSection(SolutionProperties) = preSolution
		HideSolutionNode = FALSE
	EndGlobalSection
EndGlobal
