
Microsoft Visual Studio Solution File, Format Version 11.00
# Visual C++ Express 2010
Project("{8BC9CEB8-8B4A-11D0-8D11-00A0C91BC942}") = "PDM MONTH", "PDM MONTH\PDM MONTH.vcxproj", "{282ED6EE-7267-456C-9B49-BCD43F25A336}"
EndProject
Global
	GlobalSection(SolutionConfigurationPlatforms) = preSolution
		Debug|Win32 = Debug|Win32
		Release|Win32 = Release|Win32
	EndGlobalSection
	GlobalSection(ProjectConfigurationPlatforms) = postSolution
		{282ED6EE-7267-456C-9B49-BCD43F25A336}.Debug|Win32.ActiveCfg = Debug|Win32
		{282ED6EE-7267-456C-9B49-BCD43F25A336}.Debug|Win32.Build.0 = Debug|Win32
		{282ED6EE-7267-456C-9B49-BCD43F25A336}.Release|Win32.ActiveCfg = Release|Win32
		{282ED6EE-7267-456C-9B49-BCD43F25A336}.Release|Win32.Build.0 = Release|Win32
	EndGlobalSection
	GlobalSection(SolutionProperties) = preSolution
		HideSolutionNode = FALSE
	EndGlobalSection
EndGlobal
