
Microsoft Visual Studio Solution File, Format Version 11.00
# Visual C++ Express 2010
Project("{8BC9CEB8-8B4A-11D0-8D11-00A0C91BC942}") = "Fibbonaci", "Fibbonaci\Fibbonaci.vcxproj", "{4174FEE0-E34B-4E9E-B13E-512477C9957B}"
EndProject
Global
	GlobalSection(SolutionConfigurationPlatforms) = preSolution
		Debug|Win32 = Debug|Win32
		Release|Win32 = Release|Win32
	EndGlobalSection
	GlobalSection(ProjectConfigurationPlatforms) = postSolution
		{4174FEE0-E34B-4E9E-B13E-512477C9957B}.Debug|Win32.ActiveCfg = Debug|Win32
		{4174FEE0-E34B-4E9E-B13E-512477C9957B}.Debug|Win32.Build.0 = Debug|Win32
		{4174FEE0-E34B-4E9E-B13E-512477C9957B}.Release|Win32.ActiveCfg = Release|Win32
		{4174FEE0-E34B-4E9E-B13E-512477C9957B}.Release|Win32.Build.0 = Release|Win32
	EndGlobalSection
	GlobalSection(SolutionProperties) = preSolution
		HideSolutionNode = FALSE
	EndGlobalSection
EndGlobal
