
Microsoft Visual Studio Solution File, Format Version 11.00
# Visual C++ Express 2010
Project("{8BC9CEB8-8B4A-11D0-8D11-00A0C91BC942}") = "PDM Ijazah", "PDM Ijazah\PDM Ijazah.vcxproj", "{2B9F600A-7ED4-48D7-AB85-D52407B03AB3}"
EndProject
Global
	GlobalSection(SolutionConfigurationPlatforms) = preSolution
		Debug|Win32 = Debug|Win32
		Release|Win32 = Release|Win32
	EndGlobalSection
	GlobalSection(ProjectConfigurationPlatforms) = postSolution
		{2B9F600A-7ED4-48D7-AB85-D52407B03AB3}.Debug|Win32.ActiveCfg = Debug|Win32
		{2B9F600A-7ED4-48D7-AB85-D52407B03AB3}.Debug|Win32.Build.0 = Debug|Win32
		{2B9F600A-7ED4-48D7-AB85-D52407B03AB3}.Release|Win32.ActiveCfg = Release|Win32
		{2B9F600A-7ED4-48D7-AB85-D52407B03AB3}.Release|Win32.Build.0 = Release|Win32
	EndGlobalSection
	GlobalSection(SolutionProperties) = preSolution
		HideSolutionNode = FALSE
	EndGlobalSection
EndGlobal
