
Microsoft Visual Studio Solution File, Format Version 11.00
# Visual C++ Express 2010
Project("{8BC9CEB8-8B4A-11D0-8D11-00A0C91BC942}") = "PDM Data Coup", "PDM Data Coup\PDM Data Coup.vcxproj", "{FD431F9D-9A40-4143-855A-C1DE7BAD4476}"
EndProject
Global
	GlobalSection(SolutionConfigurationPlatforms) = preSolution
		Debug|Win32 = Debug|Win32
		Release|Win32 = Release|Win32
	EndGlobalSection
	GlobalSection(ProjectConfigurationPlatforms) = postSolution
		{FD431F9D-9A40-4143-855A-C1DE7BAD4476}.Debug|Win32.ActiveCfg = Debug|Win32
		{FD431F9D-9A40-4143-855A-C1DE7BAD4476}.Debug|Win32.Build.0 = Debug|Win32
		{FD431F9D-9A40-4143-855A-C1DE7BAD4476}.Release|Win32.ActiveCfg = Release|Win32
		{FD431F9D-9A40-4143-855A-C1DE7BAD4476}.Release|Win32.Build.0 = Release|Win32
	EndGlobalSection
	GlobalSection(SolutionProperties) = preSolution
		HideSolutionNode = FALSE
	EndGlobalSection
EndGlobal
