
Microsoft Visual Studio Solution File, Format Version 11.00
# Visual C++ Express 2010
Project("{8BC9CEB8-8B4A-11D0-8D11-00A0C91BC942}") = "PDM Procedural Coupling", "PDM Procedural Coupling\PDM Procedural Coupling.vcxproj", "{854EF1A8-A06A-4720-9EE6-FAE9F4A9276F}"
EndProject
Global
	GlobalSection(SolutionConfigurationPlatforms) = preSolution
		Debug|Win32 = Debug|Win32
		Release|Win32 = Release|Win32
	EndGlobalSection
	GlobalSection(ProjectConfigurationPlatforms) = postSolution
		{854EF1A8-A06A-4720-9EE6-FAE9F4A9276F}.Debug|Win32.ActiveCfg = Debug|Win32
		{854EF1A8-A06A-4720-9EE6-FAE9F4A9276F}.Debug|Win32.Build.0 = Debug|Win32
		{854EF1A8-A06A-4720-9EE6-FAE9F4A9276F}.Release|Win32.ActiveCfg = Release|Win32
		{854EF1A8-A06A-4720-9EE6-FAE9F4A9276F}.Release|Win32.Build.0 = Release|Win32
	EndGlobalSection
	GlobalSection(SolutionProperties) = preSolution
		HideSolutionNode = FALSE
	EndGlobalSection
EndGlobal
