
Microsoft Visual Studio Solution File, Format Version 11.00
# Visual C++ Express 2010
Project("{8BC9CEB8-8B4A-11D0-8D11-00A0C91BC942}") = "Jo Number", "Jo Number\Jo Number.vcxproj", "{57CFCFA5-49D3-4D59-9F36-50D879D1BE1B}"
EndProject
Global
	GlobalSection(SolutionConfigurationPlatforms) = preSolution
		Debug|Win32 = Debug|Win32
		Release|Win32 = Release|Win32
	EndGlobalSection
	GlobalSection(ProjectConfigurationPlatforms) = postSolution
		{57CFCFA5-49D3-4D59-9F36-50D879D1BE1B}.Debug|Win32.ActiveCfg = Debug|Win32
		{57CFCFA5-49D3-4D59-9F36-50D879D1BE1B}.Debug|Win32.Build.0 = Debug|Win32
		{57CFCFA5-49D3-4D59-9F36-50D879D1BE1B}.Release|Win32.ActiveCfg = Release|Win32
		{57CFCFA5-49D3-4D59-9F36-50D879D1BE1B}.Release|Win32.Build.0 = Release|Win32
	EndGlobalSection
	GlobalSection(SolutionProperties) = preSolution
		HideSolutionNode = FALSE
	EndGlobalSection
EndGlobal
