
Microsoft Visual Studio Solution File, Format Version 11.00
# Visual C++ Express 2010
Project("{8BC9CEB8-8B4A-11D0-8D11-00A0C91BC942}") = "PDM while cacah", "PDM while cacah\PDM while cacah.vcxproj", "{588D1A6F-2368-4C61-8439-BA65D5C68EB0}"
EndProject
Global
	GlobalSection(SolutionConfigurationPlatforms) = preSolution
		Debug|Win32 = Debug|Win32
		Release|Win32 = Release|Win32
	EndGlobalSection
	GlobalSection(ProjectConfigurationPlatforms) = postSolution
		{588D1A6F-2368-4C61-8439-BA65D5C68EB0}.Debug|Win32.ActiveCfg = Debug|Win32
		{588D1A6F-2368-4C61-8439-BA65D5C68EB0}.Debug|Win32.Build.0 = Debug|Win32
		{588D1A6F-2368-4C61-8439-BA65D5C68EB0}.Release|Win32.ActiveCfg = Release|Win32
		{588D1A6F-2368-4C61-8439-BA65D5C68EB0}.Release|Win32.Build.0 = Release|Win32
	EndGlobalSection
	GlobalSection(SolutionProperties) = preSolution
		HideSolutionNode = FALSE
	EndGlobalSection
EndGlobal
