
Microsoft Visual Studio Solution File, Format Version 11.00
# Visual C++ Express 2010
Project("{8BC9CEB8-8B4A-11D0-8D11-00A0C91BC942}") = "PDM External", "PDM External\PDM External.vcxproj", "{BDC2AC7C-C880-4BCF-A74A-1671ADDF9930}"
EndProject
Global
	GlobalSection(SolutionConfigurationPlatforms) = preSolution
		Debug|Win32 = Debug|Win32
		Release|Win32 = Release|Win32
	EndGlobalSection
	GlobalSection(ProjectConfigurationPlatforms) = postSolution
		{BDC2AC7C-C880-4BCF-A74A-1671ADDF9930}.Debug|Win32.ActiveCfg = Debug|Win32
		{BDC2AC7C-C880-4BCF-A74A-1671ADDF9930}.Debug|Win32.Build.0 = Debug|Win32
		{BDC2AC7C-C880-4BCF-A74A-1671ADDF9930}.Release|Win32.ActiveCfg = Release|Win32
		{BDC2AC7C-C880-4BCF-A74A-1671ADDF9930}.Release|Win32.Build.0 = Release|Win32
	EndGlobalSection
	GlobalSection(SolutionProperties) = preSolution
		HideSolutionNode = FALSE
	EndGlobalSection
EndGlobal
