
Microsoft Visual Studio Solution File, Format Version 11.00
# Visual C++ Express 2010
Project("{8BC9CEB8-8B4A-11D0-8D11-00A0C91BC942}") = "Addition", "Addition\Addition.vcxproj", "{03EC1A35-E2A1-4566-BFC2-A81A302A4253}"
EndProject
Global
	GlobalSection(SolutionConfigurationPlatforms) = preSolution
		Debug|Win32 = Debug|Win32
		Release|Win32 = Release|Win32
	EndGlobalSection
	GlobalSection(ProjectConfigurationPlatforms) = postSolution
		{03EC1A35-E2A1-4566-BFC2-A81A302A4253}.Debug|Win32.ActiveCfg = Debug|Win32
		{03EC1A35-E2A1-4566-BFC2-A81A302A4253}.Debug|Win32.Build.0 = Debug|Win32
		{03EC1A35-E2A1-4566-BFC2-A81A302A4253}.Release|Win32.ActiveCfg = Release|Win32
		{03EC1A35-E2A1-4566-BFC2-A81A302A4253}.Release|Win32.Build.0 = Release|Win32
	EndGlobalSection
	GlobalSection(SolutionProperties) = preSolution
		HideSolutionNode = FALSE
	EndGlobalSection
EndGlobal
