
Microsoft Visual Studio Solution File, Format Version 11.00
# Visual C++ Express 2010
Project("{8BC9CEB8-8B4A-11D0-8D11-00A0C91BC942}") = "Matrix", "Matrix\Matrix.vcxproj", "{A8870177-A3E6-4536-BE69-9F4A41EFD403}"
EndProject
Global
	GlobalSection(SolutionConfigurationPlatforms) = preSolution
		Debug|Win32 = Debug|Win32
		Release|Win32 = Release|Win32
	EndGlobalSection
	GlobalSection(ProjectConfigurationPlatforms) = postSolution
		{A8870177-A3E6-4536-BE69-9F4A41EFD403}.Debug|Win32.ActiveCfg = Debug|Win32
		{A8870177-A3E6-4536-BE69-9F4A41EFD403}.Debug|Win32.Build.0 = Debug|Win32
		{A8870177-A3E6-4536-BE69-9F4A41EFD403}.Release|Win32.ActiveCfg = Release|Win32
		{A8870177-A3E6-4536-BE69-9F4A41EFD403}.Release|Win32.Build.0 = Release|Win32
	EndGlobalSection
	GlobalSection(SolutionProperties) = preSolution
		HideSolutionNode = FALSE
	EndGlobalSection
EndGlobal
